
Microsoft Visual Studio Solution File, Format Version 12.00
# Visual Studio 15
Project("{FAE04EC0-301F-11D3-BF4B-00C04F79EFBC}") = "Assembly-CSharp", "Assembly-CSharp.csproj", "{4FB9D6A7-1F9D-800C-A27F-36C03F6D8E1F}"
EndProject
Project("{FAE04EC0-301F-11D3-BF4B-00C04F79EFBC}") = "Assembly-CSharp-Editor", "Assembly-CSharp-Editor.csproj", "{81DA00FE-4226-2F29-9BF3-70C6F24B8F8A}"
EndProject
Global
	GlobalSection(SolutionConfigurationPlatforms) = preSolution
		Debug|Any CPU = Debug|Any CPU
		Release|Any CPU = Release|Any CPU
	EndGlobalSection
	GlobalSection(ProjectConfigurationPlatforms) = postSolution
		{4FB9D6A7-1F9D-800C-A27F-36C03F6D8E1F}.Debug|Any CPU.ActiveCfg = Debug|Any CPU
		{4FB9D6A7-1F9D-800C-A27F-36C03F6D8E1F}.Debug|Any CPU.Build.0 = Debug|Any CPU
		{4FB9D6A7-1F9D-800C-A27F-36C03F6D8E1F}.Release|Any CPU.ActiveCfg = Release|Any CPU
		{4FB9D6A7-1F9D-800C-A27F-36C03F6D8E1F}.Release|Any CPU.Build.0 = Release|Any CPU
		{81DA00FE-4226-2F29-9BF3-70C6F24B8F8A}.Debug|Any CPU.ActiveCfg = Debug|Any CPU
		{81DA00FE-4226-2F29-9BF3-70C6F24B8F8A}.Debug|Any CPU.Build.0 = Debug|Any CPU
		{81DA00FE-4226-2F29-9BF3-70C6F24B8F8A}.Release|Any CPU.ActiveCfg = Release|Any CPU
		{81DA00FE-4226-2F29-9BF3-70C6F24B8F8A}.Release|Any CPU.Build.0 = Release|Any CPU
	EndGlobalSection
	GlobalSection(SolutionProperties) = preSolution
		HideSolutionNode = FALSE
	EndGlobalSection
EndGlobal
